
Microsoft Visual Studio Solution File, Format Version 12.00
# Visual Studio Version 17
VisualStudioVersion = 17.6.33829.357
MinimumVisualStudioVersion = 10.0.40219.1
Project("{9A19103F-16F7-4668-BE54-9A1E7A4F7556}") = "SecuritySite", "SecuritySite\SecuritySite.csproj", "{1F42C298-C4A1-4209-94B4-F484649A0A14}"
EndProject
Global
	GlobalSection(SolutionConfigurationPlatforms) = preSolution
		Debug|Any CPU = Debug|Any CPU
		Release|Any CPU = Release|Any CPU
	EndGlobalSection
	GlobalSection(ProjectConfigurationPlatforms) = postSolution
		{1F42C298-C4A1-4209-94B4-F484649A0A14}.Debug|Any CPU.ActiveCfg = Debug|Any CPU
		{1F42C298-C4A1-4209-94B4-F484649A0A14}.Debug|Any CPU.Build.0 = Debug|Any CPU
		{1F42C298-C4A1-4209-94B4-F484649A0A14}.Release|Any CPU.ActiveCfg = Release|Any CPU
		{1F42C298-C4A1-4209-94B4-F484649A0A14}.Release|Any CPU.Build.0 = Release|Any CPU
	EndGlobalSection
	GlobalSection(SolutionProperties) = preSolution
		HideSolutionNode = FALSE
	EndGlobalSection
	GlobalSection(ExtensibilityGlobals) = postSolution
		SolutionGuid = {EA3178C5-CAE6-42D8-B8E8-5A259CA6B510}
	EndGlobalSection
EndGlobal
